
Microsoft Visual Studio Solution File, Format Version 12.00
# Visual Studio Version 16
VisualStudioVersion = 16.0.31729.503
MinimumVisualStudioVersion = 10.0.40219.1
Project("{FAE04EC0-301F-11D3-BF4B-00C04F79EFBC}") = "WeekDayTray", "WeekDayTray\WeekDayTray.csproj", "{8CD62272-A9D3-4355-A13D-16D239303707}"
EndProject
Global
	GlobalSection(SolutionConfigurationPlatforms) = preSolution
		Debug|Any CPU = Debug|Any CPU
		Release|Any CPU = Release|Any CPU
	EndGlobalSection
	GlobalSection(ProjectConfigurationPlatforms) = postSolution
		{8CD62272-A9D3-4355-A13D-16D239303707}.Debug|Any CPU.ActiveCfg = Debug|Any CPU
		{8CD62272-A9D3-4355-A13D-16D239303707}.Debug|Any CPU.Build.0 = Debug|Any CPU
		{8CD62272-A9D3-4355-A13D-16D239303707}.Release|Any CPU.ActiveCfg = Release|Any CPU
		{8CD62272-A9D3-4355-A13D-16D239303707}.Release|Any CPU.Build.0 = Release|Any CPU
	EndGlobalSection
	GlobalSection(SolutionProperties) = preSolution
		HideSolutionNode = FALSE
	EndGlobalSection
	GlobalSection(ExtensibilityGlobals) = postSolution
		SolutionGuid = {57759EBA-09B5-4FE6-A4E9-0352F7586BE9}
	EndGlobalSection
EndGlobal
